{
  "SprykerShop.CatalogPage": {
    "wire-plugin": {
      "cfecb5a72dda82e1f1e03fed32136607cbf24209": {
        "target": "\\Spryker\\Yves\\Twig\\TwigDependencyProvider::getTwigPlugins",
        "source": "\\SprykerShop\\Yves\\CatalogPage\\Plugin\\Twig\\CategoryFilterTwigPlugin"
      }
    }
  }
}
